
Microsoft Visual Studio Solution File, Format Version 12.00
# Visual Studio Version 16
VisualStudioVersion = 16.0.31729.503
MinimumVisualStudioVersion = 10.0.40219.1
Project("{FAE04EC0-301F-11D3-BF4B-00C04F79EFBC}") = "DigiturkTest.API", "DigiturkTest.API\DigiturkTest.API.csproj", "{9513FDAF-A7F2-4AEE-8B6D-3A7705283B14}"
EndProject
Global
	GlobalSection(SolutionConfigurationPlatforms) = preSolution
		Debug|Any CPU = Debug|Any CPU
		Release|Any CPU = Release|Any CPU
	EndGlobalSection
	GlobalSection(ProjectConfigurationPlatforms) = postSolution
		{9513FDAF-A7F2-4AEE-8B6D-3A7705283B14}.Debug|Any CPU.ActiveCfg = Debug|Any CPU
		{9513FDAF-A7F2-4AEE-8B6D-3A7705283B14}.Debug|Any CPU.Build.0 = Debug|Any CPU
		{9513FDAF-A7F2-4AEE-8B6D-3A7705283B14}.Release|Any CPU.ActiveCfg = Release|Any CPU
		{9513FDAF-A7F2-4AEE-8B6D-3A7705283B14}.Release|Any CPU.Build.0 = Release|Any CPU
	EndGlobalSection
	GlobalSection(SolutionProperties) = preSolution
		HideSolutionNode = FALSE
	EndGlobalSection
	GlobalSection(ExtensibilityGlobals) = postSolution
		SolutionGuid = {930AC5A3-9766-4DD0-A4ED-C88FF4227723}
	EndGlobalSection
EndGlobal
